
Microsoft Visual Studio Solution File, Format Version 12.00
# Visual Studio Version 16
VisualStudioVersion = 16.0.29728.190
MinimumVisualStudioVersion = 10.0.40219.1
Project("{FAE04EC0-301F-11D3-BF4B-00C04F79EFBC}") = "CustomListProject", "CustomListProject\CustomListProject.csproj", "{39F09FCC-7356-4753-AA1B-3D30407B57CC}"
EndProject
Project("{FAE04EC0-301F-11D3-BF4B-00C04F79EFBC}") = "CustomListProjectUnitTests", "CustomListProjectUnitTests\CustomListProjectUnitTests.csproj", "{C735675F-7B4C-4D0E-AF5F-60D7D6332D25}"
EndProject
Global
	GlobalSection(SolutionConfigurationPlatforms) = preSolution
		Debug|Any CPU = Debug|Any CPU
		Release|Any CPU = Release|Any CPU
	EndGlobalSection
	GlobalSection(ProjectConfigurationPlatforms) = postSolution
		{39F09FCC-7356-4753-AA1B-3D30407B57CC}.Debug|Any CPU.ActiveCfg = Debug|Any CPU
		{39F09FCC-7356-4753-AA1B-3D30407B57CC}.Debug|Any CPU.Build.0 = Debug|Any CPU
		{39F09FCC-7356-4753-AA1B-3D30407B57CC}.Release|Any CPU.ActiveCfg = Release|Any CPU
		{39F09FCC-7356-4753-AA1B-3D30407B57CC}.Release|Any CPU.Build.0 = Release|Any CPU
		{C735675F-7B4C-4D0E-AF5F-60D7D6332D25}.Debug|Any CPU.ActiveCfg = Debug|Any CPU
		{C735675F-7B4C-4D0E-AF5F-60D7D6332D25}.Debug|Any CPU.Build.0 = Debug|Any CPU
		{C735675F-7B4C-4D0E-AF5F-60D7D6332D25}.Release|Any CPU.ActiveCfg = Release|Any CPU
		{C735675F-7B4C-4D0E-AF5F-60D7D6332D25}.Release|Any CPU.Build.0 = Release|Any CPU
	EndGlobalSection
	GlobalSection(SolutionProperties) = preSolution
		HideSolutionNode = FALSE
	EndGlobalSection
	GlobalSection(ExtensibilityGlobals) = postSolution
		SolutionGuid = {826FB980-7E25-4038-B00F-1E7D94273A02}
	EndGlobalSection
EndGlobal
